
Microsoft Visual Studio Solution File, Format Version 12.00
# Visual Studio Version 17
VisualStudioVersion = 17.10.35013.160
MinimumVisualStudioVersion = 10.0.40219.1
Project("{FAE04EC0-301F-11D3-BF4B-00C04F79EFBC}") = "CRUDAgendamentos", "CRUDAgendamentos\CRUDAgendamentos.csproj", "{D34A6E94-457E-4181-BFC0-C8104D0C3F05}"
EndProject
Global
	GlobalSection(SolutionConfigurationPlatforms) = preSolution
		Debug|Any CPU = Debug|Any CPU
		Release|Any CPU = Release|Any CPU
	EndGlobalSection
	GlobalSection(ProjectConfigurationPlatforms) = postSolution
		{D34A6E94-457E-4181-BFC0-C8104D0C3F05}.Debug|Any CPU.ActiveCfg = Debug|Any CPU
		{D34A6E94-457E-4181-BFC0-C8104D0C3F05}.Debug|Any CPU.Build.0 = Debug|Any CPU
		{D34A6E94-457E-4181-BFC0-C8104D0C3F05}.Release|Any CPU.ActiveCfg = Release|Any CPU
		{D34A6E94-457E-4181-BFC0-C8104D0C3F05}.Release|Any CPU.Build.0 = Release|Any CPU
	EndGlobalSection
	GlobalSection(SolutionProperties) = preSolution
		HideSolutionNode = FALSE
	EndGlobalSection
	GlobalSection(ExtensibilityGlobals) = postSolution
		SolutionGuid = {126449F8-B6AD-4662-A97B-AA74E1C1F39C}
	EndGlobalSection
EndGlobal
